// !$*UTF8*$!
{
	archiveVersion = 1;
	classes = {
	};
	objectVersion = 56;
	objects = {

/* Begin PBXBuildFile section */
		0F2B10242CB90E99005156A6 /* MiniPlayerView.swift in Sources */ = {isa = PBXBuildFile; fileRef = 0F2B10232CB90E99005156A6 /* MiniPlayerView.swift */; };
		0F44C4CA2CBCA13B00ADF578 /* RecommendPlaylist.swift in Sources */ = {isa = PBXBuildFile; fileRef = 0F44C4C92CBCA13B00ADF578 /* RecommendPlaylist.swift */; };
		0F44C4CD2CBCB27C00ADF578 /* SettingView.swift in Sources */ = {isa = PBXBuildFile; fileRef = 0F44C4CC2CBCB27C00ADF578 /* SettingView.swift */; };
		0F5621BE2CB75CF9006E03F9 /* PlaylistItem.swift in Sources */ = {isa = PBXBuildFile; fileRef = 0F5621BD2CB75CF9006E03F9 /* PlaylistItem.swift */; };
		0F5621C12CB76D1B006E03F9 /* LibraryView.swift in Sources */ = {isa = PBXBuildFile; fileRef = 0F5621C02CB76D1B006E03F9 /* LibraryView.swift */; };
		0F5621C32CB76D23006E03F9 /* LibraryReducer.swift in Sources */ = {isa = PBXBuildFile; fileRef = 0F5621C22CB76D23006E03F9 /* LibraryReducer.swift */; };
		0FB15EE72C9436C8003718C3 /* TabBarView.swift in Sources */ = {isa = PBXBuildFile; fileRef = 0FB15EE62C9436C8003718C3 /* TabBarView.swift */; };
		0FB15EEB2C9BE8C8003718C3 /* Endpoints.swift in Sources */ = {isa = PBXBuildFile; fileRef = 0FB15EEA2C9BE8C8003718C3 /* Endpoints.swift */; };
		0FB15EF12C9CF729003718C3 /* LoginFeature.swift in Sources */ = {isa = PBXBuildFile; fileRef = 0FB15EF02C9CF729003718C3 /* LoginFeature.swift */; };
		0FB15EF32C9D34E0003718C3 /* HomeFeature.swift in Sources */ = {isa = PBXBuildFile; fileRef = 0FB15EF22C9D34E0003718C3 /* HomeFeature.swift */; };
		0FB15EF52C9D3824003718C3 /* TokenEntity.swift in Sources */ = {isa = PBXBuildFile; fileRef = 0FB15EF42C9D3823003718C3 /* TokenEntity.swift */; };
		0FB15EF72C9D3848003718C3 /* TokenStorage.swift in Sources */ = {isa = PBXBuildFile; fileRef = 0FB15EF62C9D3848003718C3 /* TokenStorage.swift */; };
		0FB15EFA2C9D3A5B003718C3 /* TokenReducer.swift in Sources */ = {isa = PBXBuildFile; fileRef = 0FB15EF92C9D3A5B003718C3 /* TokenReducer.swift */; };
		0FB15F002C9D6118003718C3 /* ListeningHistoryItem.swift in Sources */ = {isa = PBXBuildFile; fileRef = 0FB15EFF2C9D6118003718C3 /* ListeningHistoryItem.swift */; };
		0FB328002C902E8500F5675B /* AppReducer.swift in Sources */ = {isa = PBXBuildFile; fileRef = 0FB327FF2C902E8500F5675B /* AppReducer.swift */; };
		0FB328092C9031B300F5675B /* OnboardView.swift in Sources */ = {isa = PBXBuildFile; fileRef = 0FB328082C9031B300F5675B /* OnboardView.swift */; };
		0FB3280B2C9031BF00F5675B /* LoginReducer.swift in Sources */ = {isa = PBXBuildFile; fileRef = 0FB3280A2C9031BF00F5675B /* LoginReducer.swift */; };
		0FB3280D2C9031CD00F5675B /* HomeView.swift in Sources */ = {isa = PBXBuildFile; fileRef = 0FB3280C2C9031CD00F5675B /* HomeView.swift */; };
		0FB3280F2C9031D500F5675B /* HomeReducer.swift in Sources */ = {isa = PBXBuildFile; fileRef = 0FB3280E2C9031D500F5675B /* HomeReducer.swift */; };
		0FB328132C90331200F5675B /* RootView.swift in Sources */ = {isa = PBXBuildFile; fileRef = 0FB328122C90331200F5675B /* RootView.swift */; };
		0FB328172C903AAF00F5675B /* BeamApp.swift in Sources */ = {isa = PBXBuildFile; fileRef = 0FB328162C903AAF00F5675B /* BeamApp.swift */; };
		0FB3281A2C903E0300F5675B /* PlayerView.swift in Sources */ = {isa = PBXBuildFile; fileRef = 0FB328192C903E0300F5675B /* PlayerView.swift */; };
		0FB328232C918A0D00F5675B /* AudioProcessing.swift in Sources */ = {isa = PBXBuildFile; fileRef = 0FB328222C918A0D00F5675B /* AudioProcessing.swift */; };
		0FB328252C92777800F5675B /* AuthService.swift in Sources */ = {isa = PBXBuildFile; fileRef = 0FB328242C92777800F5675B /* AuthService.swift */; };
		0FB328272C927B7D00F5675B /* AuthClient.swift in Sources */ = {isa = PBXBuildFile; fileRef = 0FB328262C927B7D00F5675B /* AuthClient.swift */; };
		0FB328292C927BFB00F5675B /* LoginAction.swift in Sources */ = {isa = PBXBuildFile; fileRef = 0FB328282C927BFB00F5675B /* LoginAction.swift */; };
		0FB3282B2C92843600F5675B /* HomeAction.swift in Sources */ = {isa = PBXBuildFile; fileRef = 0FB3282A2C92843600F5675B /* HomeAction.swift */; };
		0FB3282D2C929F4000F5675B /* TabBarReducer.swift in Sources */ = {isa = PBXBuildFile; fileRef = 0FB3282C2C929F4000F5675B /* TabBarReducer.swift */; };
		0FB3282F2C929FB700F5675B /* PlayerReducer.swift in Sources */ = {isa = PBXBuildFile; fileRef = 0FB3282E2C929FB700F5675B /* PlayerReducer.swift */; };
		0FB655262CBDED66000B803B /* LoginView.swift in Sources */ = {isa = PBXBuildFile; fileRef = 0FB655252CBDED66000B803B /* LoginView.swift */; };
		0FC48B752CB381F3002AB60E /* ComposableArchitecture in Frameworks */ = {isa = PBXBuildFile; productRef = 0FC48B742CB381F3002AB60E /* ComposableArchitecture */; };
		0FC873802C8FFE3E00D809E9 /* Preview Assets.xcassets in Resources */ = {isa = PBXBuildFile; fileRef = 0FC8737F2C8FFE3E00D809E9 /* Preview Assets.xcassets */; };
		0FC8738A2C8FFE3E00D809E9 /* BeamPracTests.swift in Sources */ = {isa = PBXBuildFile; fileRef = 0FC873892C8FFE3E00D809E9 /* BeamPracTests.swift */; };
		0FC873942C8FFE3F00D809E9 /* BeamPracUITests.swift in Sources */ = {isa = PBXBuildFile; fileRef = 0FC873932C8FFE3F00D809E9 /* BeamPracUITests.swift */; };
		0FC873962C8FFE3F00D809E9 /* BeamPracUITestsLaunchTests.swift in Sources */ = {isa = PBXBuildFile; fileRef = 0FC873952C8FFE3F00D809E9 /* BeamPracUITestsLaunchTests.swift */; };
		0FC873ED2C9007A800D809E9 /* CustomNavigationBar.swift in Sources */ = {isa = PBXBuildFile; fileRef = 0FC873EC2C9007A800D809E9 /* CustomNavigationBar.swift */; };
		0FC873EF2C9007B700D809E9 /* PrimaryButton.swift in Sources */ = {isa = PBXBuildFile; fileRef = 0FC873EE2C9007B700D809E9 /* PrimaryButton.swift */; };
		0FC873F22C9007D000D809E9 /* TextStyles.swift in Sources */ = {isa = PBXBuildFile; fileRef = 0FC873F12C9007D000D809E9 /* TextStyles.swift */; };
		0FC873F52C90082500D809E9 /* Color+Extensions.swift in Sources */ = {isa = PBXBuildFile; fileRef = 0FC873F42C90082500D809E9 /* Color+Extensions.swift */; };
		0FC873F72C90083C00D809E9 /* String+Extensions.swift in Sources */ = {isa = PBXBuildFile; fileRef = 0FC873F62C90083C00D809E9 /* String+Extensions.swift */; };
		0FC873FA2C90086700D809E9 /* KeychainManager.swift in Sources */ = {isa = PBXBuildFile; fileRef = 0FC873F92C90086700D809E9 /* KeychainManager.swift */; };
		0FC873FC2C900D6300D809E9 /* Assets.xcassets in Resources */ = {isa = PBXBuildFile; fileRef = 0FC873FB2C900D6300D809E9 /* Assets.xcassets */; };
		9F1F572A2CA05BF400DA564A /* AudioManager.swift in Sources */ = {isa = PBXBuildFile; fileRef = 9F1F57292CA05BF400DA564A /* AudioManager.swift */; };
/* End PBXBuildFile section */

/* Begin PBXContainerItemProxy section */
		0FC873862C8FFE3E00D809E9 /* PBXContainerItemProxy */ = {
			isa = PBXContainerItemProxy;
			containerPortal = 0FC8736A2C8FFE3D00D809E9 /* Project object */;
			proxyType = 1;
			remoteGlobalIDString = 0FC873712C8FFE3D00D809E9;
			remoteInfo = BeamPrac;
		};
		0FC873902C8FFE3F00D809E9 /* PBXContainerItemProxy */ = {
			isa = PBXContainerItemProxy;
			containerPortal = 0FC8736A2C8FFE3D00D809E9 /* Project object */;
			proxyType = 1;
			remoteGlobalIDString = 0FC873712C8FFE3D00D809E9;
			remoteInfo = BeamPrac;
		};
/* End PBXContainerItemProxy section */

/* Begin PBXFileReference section */
		0F2B10232CB90E99005156A6 /* MiniPlayerView.swift */ = {isa = PBXFileReference; lastKnownFileType = sourcecode.swift; path = MiniPlayerView.swift; sourceTree = "<group>"; };
		0F44C4C92CBCA13B00ADF578 /* RecommendPlaylist.swift */ = {isa = PBXFileReference; lastKnownFileType = sourcecode.swift; path = RecommendPlaylist.swift; sourceTree = "<group>"; };
		0F44C4CC2CBCB27C00ADF578 /* SettingView.swift */ = {isa = PBXFileReference; lastKnownFileType = sourcecode.swift; path = SettingView.swift; sourceTree = "<group>"; };
		0F5621BD2CB75CF9006E03F9 /* PlaylistItem.swift */ = {isa = PBXFileReference; lastKnownFileType = sourcecode.swift; path = PlaylistItem.swift; sourceTree = "<group>"; };
		0F5621C02CB76D1B006E03F9 /* LibraryView.swift */ = {isa = PBXFileReference; lastKnownFileType = sourcecode.swift; path = LibraryView.swift; sourceTree = "<group>"; };
		0F5621C22CB76D23006E03F9 /* LibraryReducer.swift */ = {isa = PBXFileReference; lastKnownFileType = sourcecode.swift; path = LibraryReducer.swift; sourceTree = "<group>"; };
		0FB15EE62C9436C8003718C3 /* TabBarView.swift */ = {isa = PBXFileReference; lastKnownFileType = sourcecode.swift; path = TabBarView.swift; sourceTree = "<group>"; };
		0FB15EEA2C9BE8C8003718C3 /* Endpoints.swift */ = {isa = PBXFileReference; lastKnownFileType = sourcecode.swift; path = Endpoints.swift; sourceTree = "<group>"; };
		0FB15EF02C9CF729003718C3 /* LoginFeature.swift */ = {isa = PBXFileReference; lastKnownFileType = sourcecode.swift; path = LoginFeature.swift; sourceTree = "<group>"; };
		0FB15EF22C9D34E0003718C3 /* HomeFeature.swift */ = {isa = PBXFileReference; lastKnownFileType = sourcecode.swift; path = HomeFeature.swift; sourceTree = "<group>"; };
		0FB15EF42C9D3823003718C3 /* TokenEntity.swift */ = {isa = PBXFileReference; lastKnownFileType = sourcecode.swift; path = TokenEntity.swift; sourceTree = "<group>"; };
		0FB15EF62C9D3848003718C3 /* TokenStorage.swift */ = {isa = PBXFileReference; lastKnownFileType = sourcecode.swift; path = TokenStorage.swift; sourceTree = "<group>"; };
		0FB15EF92C9D3A5B003718C3 /* TokenReducer.swift */ = {isa = PBXFileReference; lastKnownFileType = sourcecode.swift; path = TokenReducer.swift; sourceTree = "<group>"; };
		0FB15EFF2C9D6118003718C3 /* ListeningHistoryItem.swift */ = {isa = PBXFileReference; lastKnownFileType = sourcecode.swift; path = ListeningHistoryItem.swift; sourceTree = "<group>"; };
		0FB327FF2C902E8500F5675B /* AppReducer.swift */ = {isa = PBXFileReference; lastKnownFileType = sourcecode.swift; path = AppReducer.swift; sourceTree = "<group>"; };
		0FB328082C9031B300F5675B /* OnboardView.swift */ = {isa = PBXFileReference; lastKnownFileType = sourcecode.swift; path = OnboardView.swift; sourceTree = "<group>"; };
		0FB3280A2C9031BF00F5675B /* LoginReducer.swift */ = {isa = PBXFileReference; lastKnownFileType = sourcecode.swift; path = LoginReducer.swift; sourceTree = "<group>"; };
		0FB3280C2C9031CD00F5675B /* HomeView.swift */ = {isa = PBXFileReference; lastKnownFileType = sourcecode.swift; path = HomeView.swift; sourceTree = "<group>"; };
		0FB3280E2C9031D500F5675B /* HomeReducer.swift */ = {isa = PBXFileReference; lastKnownFileType = sourcecode.swift; path = HomeReducer.swift; sourceTree = "<group>"; };
		0FB328122C90331200F5675B /* RootView.swift */ = {isa = PBXFileReference; lastKnownFileType = sourcecode.swift; path = RootView.swift; sourceTree = "<group>"; };
		0FB328162C903AAF00F5675B /* BeamApp.swift */ = {isa = PBXFileReference; lastKnownFileType = sourcecode.swift; path = BeamApp.swift; sourceTree = "<group>"; };
		0FB328192C903E0300F5675B /* PlayerView.swift */ = {isa = PBXFileReference; lastKnownFileType = sourcecode.swift; path = PlayerView.swift; sourceTree = "<group>"; };
		0FB328222C918A0D00F5675B /* AudioProcessing.swift */ = {isa = PBXFileReference; lastKnownFileType = sourcecode.swift; path = AudioProcessing.swift; sourceTree = "<group>"; };
		0FB328242C92777800F5675B /* AuthService.swift */ = {isa = PBXFileReference; lastKnownFileType = sourcecode.swift; path = AuthService.swift; sourceTree = "<group>"; };
		0FB328262C927B7D00F5675B /* AuthClient.swift */ = {isa = PBXFileReference; lastKnownFileType = sourcecode.swift; path = AuthClient.swift; sourceTree = "<group>"; };
		0FB328282C927BFB00F5675B /* LoginAction.swift */ = {isa = PBXFileReference; lastKnownFileType = sourcecode.swift; path = LoginAction.swift; sourceTree = "<group>"; };
		0FB3282A2C92843600F5675B /* HomeAction.swift */ = {isa = PBXFileReference; lastKnownFileType = sourcecode.swift; path = HomeAction.swift; sourceTree = "<group>"; };
		0FB3282C2C929F4000F5675B /* TabBarReducer.swift */ = {isa = PBXFileReference; lastKnownFileType = sourcecode.swift; path = TabBarReducer.swift; sourceTree = "<group>"; };
		0FB3282E2C929FB700F5675B /* PlayerReducer.swift */ = {isa = PBXFileReference; lastKnownFileType = sourcecode.swift; path = PlayerReducer.swift; sourceTree = "<group>"; };
		0FB655252CBDED66000B803B /* LoginView.swift */ = {isa = PBXFileReference; lastKnownFileType = sourcecode.swift; path = LoginView.swift; sourceTree = "<group>"; };
		0FC873722C8FFE3D00D809E9 /* BeamApp.app */ = {isa = PBXFileReference; explicitFileType = wrapper.application; includeInIndex = 0; path = BeamApp.app; sourceTree = BUILT_PRODUCTS_DIR; };
		0FC8737D2C8FFE3E00D809E9 /* BeamApp.entitlements */ = {isa = PBXFileReference; lastKnownFileType = text.plist.entitlements; path = BeamApp.entitlements; sourceTree = "<group>"; };
		0FC8737F2C8FFE3E00D809E9 /* Preview Assets.xcassets */ = {isa = PBXFileReference; lastKnownFileType = folder.assetcatalog; path = "Preview Assets.xcassets"; sourceTree = "<group>"; };
		0FC873852C8FFE3E00D809E9 /* BeamAppTests.xctest */ = {isa = PBXFileReference; explicitFileType = wrapper.cfbundle; includeInIndex = 0; path = BeamAppTests.xctest; sourceTree = BUILT_PRODUCTS_DIR; };
		0FC873892C8FFE3E00D809E9 /* BeamPracTests.swift */ = {isa = PBXFileReference; lastKnownFileType = sourcecode.swift; path = BeamPracTests.swift; sourceTree = "<group>"; };
		0FC8738F2C8FFE3F00D809E9 /* BeamAppUITests.xctest */ = {isa = PBXFileReference; explicitFileType = wrapper.cfbundle; includeInIndex = 0; path = BeamAppUITests.xctest; sourceTree = BUILT_PRODUCTS_DIR; };
		0FC873932C8FFE3F00D809E9 /* BeamPracUITests.swift */ = {isa = PBXFileReference; lastKnownFileType = sourcecode.swift; path = BeamPracUITests.swift; sourceTree = "<group>"; };
		0FC873952C8FFE3F00D809E9 /* BeamPracUITestsLaunchTests.swift */ = {isa = PBXFileReference; lastKnownFileType = sourcecode.swift; path = BeamPracUITestsLaunchTests.swift; sourceTree = "<group>"; };
		0FC873EC2C9007A800D809E9 /* CustomNavigationBar.swift */ = {isa = PBXFileReference; lastKnownFileType = sourcecode.swift; path = CustomNavigationBar.swift; sourceTree = "<group>"; };
		0FC873EE2C9007B700D809E9 /* PrimaryButton.swift */ = {isa = PBXFileReference; lastKnownFileType = sourcecode.swift; path = PrimaryButton.swift; sourceTree = "<group>"; };
		0FC873F12C9007D000D809E9 /* TextStyles.swift */ = {isa = PBXFileReference; lastKnownFileType = sourcecode.swift; path = TextStyles.swift; sourceTree = "<group>"; };
		0FC873F42C90082500D809E9 /* Color+Extensions.swift */ = {isa = PBXFileReference; lastKnownFileType = sourcecode.swift; path = "Color+Extensions.swift"; sourceTree = "<group>"; };
		0FC873F62C90083C00D809E9 /* String+Extensions.swift */ = {isa = PBXFileReference; lastKnownFileType = sourcecode.swift; path = "String+Extensions.swift"; sourceTree = "<group>"; };
		0FC873F92C90086700D809E9 /* KeychainManager.swift */ = {isa = PBXFileReference; lastKnownFileType = sourcecode.swift; path = KeychainManager.swift; sourceTree = "<group>"; };
		0FC873FB2C900D6300D809E9 /* Assets.xcassets */ = {isa = PBXFileReference; lastKnownFileType = folder.assetcatalog; path = Assets.xcassets; sourceTree = "<group>"; };
		0FC874002C901B7A00D809E9 /* Item.swift */ = {isa = PBXFileReference; lastKnownFileType = sourcecode.swift; path = Item.swift; sourceTree = "<group>"; };
		9F1F57292CA05BF400DA564A /* AudioManager.swift */ = {isa = PBXFileReference; lastKnownFileType = sourcecode.swift; path = AudioManager.swift; sourceTree = "<group>"; };
		9F1F572B2CA05F9100DA564A /* Info.plist */ = {isa = PBXFileReference; lastKnownFileType = text.plist; path = Info.plist; sourceTree = "<group>"; };
/* End PBXFileReference section */

/* Begin PBXFrameworksBuildPhase section */
		0FC8736F2C8FFE3D00D809E9 /* Frameworks */ = {
			isa = PBXFrameworksBuildPhase;
			buildActionMask = 2147483647;
			files = (
				0FC48B752CB381F3002AB60E /* ComposableArchitecture in Frameworks */,
			);
			runOnlyForDeploymentPostprocessing = 0;
		};
		0FC873822C8FFE3E00D809E9 /* Frameworks */ = {
			isa = PBXFrameworksBuildPhase;
			buildActionMask = 2147483647;
			files = (
			);
			runOnlyForDeploymentPostprocessing = 0;
		};
		0FC8738C2C8FFE3F00D809E9 /* Frameworks */ = {
			isa = PBXFrameworksBuildPhase;
			buildActionMask = 2147483647;
			files = (
			);
			runOnlyForDeploymentPostprocessing = 0;
		};
/* End PBXFrameworksBuildPhase section */

/* Begin PBXGroup section */
		0F2B10222CB90E77005156A6 /* MiniPlayer */ = {
			isa = PBXGroup;
			children = (
				0F2B10232CB90E99005156A6 /* MiniPlayerView.swift */,
			);
			path = MiniPlayer;
			sourceTree = "<group>";
		};
		0F44C4CB2CBCB26C00ADF578 /* Setting */ = {
			isa = PBXGroup;
			children = (
				0F44C4CC2CBCB27C00ADF578 /* SettingView.swift */,
			);
			path = Setting;
			sourceTree = "<group>";
		};
		0F5621BF2CB76D0C006E03F9 /* Library */ = {
			isa = PBXGroup;
			children = (
				0F5621C02CB76D1B006E03F9 /* LibraryView.swift */,
				0F5621C22CB76D23006E03F9 /* LibraryReducer.swift */,
			);
			path = Library;
			sourceTree = "<group>";
		};
		0FB15EF82C9D3A4F003718C3 /* Token */ = {
			isa = PBXGroup;
			children = (
				0FB15EF92C9D3A5B003718C3 /* TokenReducer.swift */,
			);
			path = Token;
			sourceTree = "<group>";
		};
		0FB15EFE2C9D60FE003718C3 /* DTO */ = {
			isa = PBXGroup;
			children = (
				0FB15EFF2C9D6118003718C3 /* ListeningHistoryItem.swift */,
				0F5621BD2CB75CF9006E03F9 /* PlaylistItem.swift */,
				0F44C4C92CBCA13B00ADF578 /* RecommendPlaylist.swift */,
			);
			path = DTO;
			sourceTree = "<group>";
		};
		0FB327FE2C902E5B00F5675B /* DataFlow */ = {
			isa = PBXGroup;
			children = (
				0FB327FF2C902E8500F5675B /* AppReducer.swift */,
			);
			path = DataFlow;
			sourceTree = "<group>";
		};
		0FB328022C9030E100F5675B /* Feature */ = {
			isa = PBXGroup;
			children = (
				0F44C4CB2CBCB26C00ADF578 /* Setting */,
				0F2B10222CB90E77005156A6 /* MiniPlayer */,
				0F5621BF2CB76D0C006E03F9 /* Library */,
				0FB15EF82C9D3A4F003718C3 /* Token */,
				0FB328182C903DF400F5675B /* Player */,
				0FB328052C90314800F5675B /* Tab */,
				0FB328042C90314100F5675B /* LoginFeature */,
				0FB328032C90313A00F5675B /* Home */,
				0FB328122C90331200F5675B /* RootView.swift */,
			);
			path = Feature;
			sourceTree = "<group>";
		};
		0FB328032C90313A00F5675B /* Home */ = {
			isa = PBXGroup;
			children = (
				0FB3280C2C9031CD00F5675B /* HomeView.swift */,
				0FB3280E2C9031D500F5675B /* HomeReducer.swift */,
				0FB3282A2C92843600F5675B /* HomeAction.swift */,
				0FB15EF22C9D34E0003718C3 /* HomeFeature.swift */,
			);
			path = Home;
			sourceTree = "<group>";
		};
		0FB328042C90314100F5675B /* LoginFeature */ = {
			isa = PBXGroup;
			children = (
				0FB655242CBDEC9C000B803B /* SignUp */,
				0FB655232CBDEC95000B803B /* Onboard */,
				0FB655222CBDEC8B000B803B /* Login */,
				0FB328242C92777800F5675B /* AuthService.swift */,
				0FB328082C9031B300F5675B /* OnboardView.swift */,
				0FB3280A2C9031BF00F5675B /* LoginReducer.swift */,
				0FB328262C927B7D00F5675B /* AuthClient.swift */,
				0FB328282C927BFB00F5675B /* LoginAction.swift */,
				0FB15EF02C9CF729003718C3 /* LoginFeature.swift */,
			);
			path = LoginFeature;
			sourceTree = "<group>";
		};
		0FB328052C90314800F5675B /* Tab */ = {
			isa = PBXGroup;
			children = (
				0FB3282C2C929F4000F5675B /* TabBarReducer.swift */,
				0FB15EE62C9436C8003718C3 /* TabBarView.swift */,
			);
			path = Tab;
			sourceTree = "<group>";
		};
		0FB328182C903DF400F5675B /* Player */ = {
			isa = PBXGroup;
			children = (
				0FB328192C903E0300F5675B /* PlayerView.swift */,
				0FB3282E2C929FB700F5675B /* PlayerReducer.swift */,
			);
			path = Player;
			sourceTree = "<group>";
		};
		0FB3281B2C91339400F5675B /* Tools */ = {
			isa = PBXGroup;
			children = (
				0FC873F32C90081400D809E9 /* Extensions */,
			);
			path = Tools;
			sourceTree = "<group>";
		};
		0FB328212C91841800F5675B /* AudioProcessing */ = {
			isa = PBXGroup;
			children = (
				0FB328222C918A0D00F5675B /* AudioProcessing.swift */,
				9F1F57292CA05BF400DA564A /* AudioManager.swift */,
			);
			path = AudioProcessing;
			sourceTree = "<group>";
		};
		0FB655222CBDEC8B000B803B /* Login */ = {
			isa = PBXGroup;
			children = (
				0FB655252CBDED66000B803B /* LoginView.swift */,
			);
			path = Login;
			sourceTree = "<group>";
		};
		0FB655232CBDEC95000B803B /* Onboard */ = {
			isa = PBXGroup;
			children = (
			);
			path = Onboard;
			sourceTree = "<group>";
		};
		0FB655242CBDEC9C000B803B /* SignUp */ = {
			isa = PBXGroup;
			children = (
			);
			path = SignUp;
			sourceTree = "<group>";
		};
		0FC873692C8FFE3D00D809E9 = {
			isa = PBXGroup;
			children = (
				0FC873742C8FFE3D00D809E9 /* BeamApp */,
				0FC873882C8FFE3E00D809E9 /* BeamAppTests */,
				0FC873922C8FFE3F00D809E9 /* BeamAppUITests */,
				0FC873732C8FFE3D00D809E9 /* Products */,
			);
			sourceTree = "<group>";
		};
		0FC873732C8FFE3D00D809E9 /* Products */ = {
			isa = PBXGroup;
			children = (
				0FC873722C8FFE3D00D809E9 /* BeamApp.app */,
				0FC873852C8FFE3E00D809E9 /* BeamAppTests.xctest */,
				0FC8738F2C8FFE3F00D809E9 /* BeamAppUITests.xctest */,
			);
			name = Products;
			sourceTree = "<group>";
		};
		0FC873742C8FFE3D00D809E9 /* BeamApp */ = {
			isa = PBXGroup;
			children = (
				9F1F572B2CA05F9100DA564A /* Info.plist */,
				0FB328212C91841800F5675B /* AudioProcessing */,
				0FB328022C9030E100F5675B /* Feature */,
				0FB327FE2C902E5B00F5675B /* DataFlow */,
				0FC873FE2C901B6800D809E9 /* Database */,
				0FC873F82C90085700D809E9 /* Security */,
				0FC873EA2C90079300D809E9 /* DesignSystem */,
				0FC873E32C9006E300D809E9 /* App */,
				0FC873E02C9006BC00D809E9 /* Network */,
				0FC8737D2C8FFE3E00D809E9 /* BeamApp.entitlements */,
				0FC8737E2C8FFE3E00D809E9 /* Preview Content */,
			);
			path = BeamApp;
			sourceTree = "<group>";
		};
		0FC8737E2C8FFE3E00D809E9 /* Preview Content */ = {
			isa = PBXGroup;
			children = (
				0FC8737F2C8FFE3E00D809E9 /* Preview Assets.xcassets */,
			);
			path = "Preview Content";
			sourceTree = "<group>";
		};
		0FC873882C8FFE3E00D809E9 /* BeamAppTests */ = {
			isa = PBXGroup;
			children = (
				0FC873892C8FFE3E00D809E9 /* BeamPracTests.swift */,
			);
			path = BeamAppTests;
			sourceTree = "<group>";
		};
		0FC873922C8FFE3F00D809E9 /* BeamAppUITests */ = {
			isa = PBXGroup;
			children = (
				0FC873932C8FFE3F00D809E9 /* BeamPracUITests.swift */,
				0FC873952C8FFE3F00D809E9 /* BeamPracUITestsLaunchTests.swift */,
			);
			path = BeamAppUITests;
			sourceTree = "<group>";
		};
		0FC873E02C9006BC00D809E9 /* Network */ = {
			isa = PBXGroup;
			children = (
				0FB15EFE2C9D60FE003718C3 /* DTO */,
				0FB15EEA2C9BE8C8003718C3 /* Endpoints.swift */,
			);
			path = Network;
			sourceTree = "<group>";
		};
		0FC873E32C9006E300D809E9 /* App */ = {
			isa = PBXGroup;
			children = (
				0FB3281B2C91339400F5675B /* Tools */,
				0FC873FB2C900D6300D809E9 /* Assets.xcassets */,
				0FB328162C903AAF00F5675B /* BeamApp.swift */,
			);
			path = App;
			sourceTree = "<group>";
		};
		0FC873EA2C90079300D809E9 /* DesignSystem */ = {
			isa = PBXGroup;
			children = (
				0FC873F02C9007C000D809E9 /* Styles */,
				0FC873EB2C90079C00D809E9 /* Components */,
			);
			path = DesignSystem;
			sourceTree = "<group>";
		};
		0FC873EB2C90079C00D809E9 /* Components */ = {
			isa = PBXGroup;
			children = (
				0FC873EC2C9007A800D809E9 /* CustomNavigationBar.swift */,
				0FC873EE2C9007B700D809E9 /* PrimaryButton.swift */,
			);
			path = Components;
			sourceTree = "<group>";
		};
		0FC873F02C9007C000D809E9 /* Styles */ = {
			isa = PBXGroup;
			children = (
				0FC873F12C9007D000D809E9 /* TextStyles.swift */,
			);
			path = Styles;
			sourceTree = "<group>";
		};
		0FC873F32C90081400D809E9 /* Extensions */ = {
			isa = PBXGroup;
			children = (
				0FC873F42C90082500D809E9 /* Color+Extensions.swift */,
				0FC873F62C90083C00D809E9 /* String+Extensions.swift */,
			);
			path = Extensions;
			sourceTree = "<group>";
		};
		0FC873F82C90085700D809E9 /* Security */ = {
			isa = PBXGroup;
			children = (
				0FC873F92C90086700D809E9 /* KeychainManager.swift */,
			);
			path = Security;
			sourceTree = "<group>";
		};
		0FC873FE2C901B6800D809E9 /* Database */ = {
			isa = PBXGroup;
			children = (
				0FC874002C901B7A00D809E9 /* Item.swift */,
				0FB15EF42C9D3823003718C3 /* TokenEntity.swift */,
				0FB15EF62C9D3848003718C3 /* TokenStorage.swift */,
			);
			path = Database;
			sourceTree = "<group>";
		};
/* End PBXGroup section */

/* Begin PBXNativeTarget section */
		0FC873712C8FFE3D00D809E9 /* BeamApp */ = {
			isa = PBXNativeTarget;
			buildConfigurationList = 0FC873992C8FFE3F00D809E9 /* Build configuration list for PBXNativeTarget "BeamApp" */;
			buildPhases = (
				0FC8736E2C8FFE3D00D809E9 /* Sources */,
				0FC8736F2C8FFE3D00D809E9 /* Frameworks */,
				0FC873702C8FFE3D00D809E9 /* Resources */,
			);
			buildRules = (
			);
			dependencies = (
			);
			name = BeamApp;
			packageProductDependencies = (
				0FC48B742CB381F3002AB60E /* ComposableArchitecture */,
			);
			productName = BeamPrac;
			productReference = 0FC873722C8FFE3D00D809E9 /* BeamApp.app */;
			productType = "com.apple.product-type.application";
		};
		0FC873842C8FFE3E00D809E9 /* BeamAppTests */ = {
			isa = PBXNativeTarget;
			buildConfigurationList = 0FC8739C2C8FFE3F00D809E9 /* Build configuration list for PBXNativeTarget "BeamAppTests" */;
			buildPhases = (
				0FC873812C8FFE3E00D809E9 /* Sources */,
				0FC873822C8FFE3E00D809E9 /* Frameworks */,
				0FC873832C8FFE3E00D809E9 /* Resources */,
			);
			buildRules = (
			);
			dependencies = (
				0FC873872C8FFE3E00D809E9 /* PBXTargetDependency */,
			);
			name = BeamAppTests;
			productName = BeamPracTests;
			productReference = 0FC873852C8FFE3E00D809E9 /* BeamAppTests.xctest */;
			productType = "com.apple.product-type.bundle.unit-test";
		};
		0FC8738E2C8FFE3F00D809E9 /* BeamAppUITests */ = {
			isa = PBXNativeTarget;
			buildConfigurationList = 0FC8739F2C8FFE3F00D809E9 /* Build configuration list for PBXNativeTarget "BeamAppUITests" */;
			buildPhases = (
				0FC8738B2C8FFE3F00D809E9 /* Sources */,
				0FC8738C2C8FFE3F00D809E9 /* Frameworks */,
				0FC8738D2C8FFE3F00D809E9 /* Resources */,
			);
			buildRules = (
			);
			dependencies = (
				0FC873912C8FFE3F00D809E9 /* PBXTargetDependency */,
			);
			name = BeamAppUITests;
			productName = BeamPracUITests;
			productReference = 0FC8738F2C8FFE3F00D809E9 /* BeamAppUITests.xctest */;
			productType = "com.apple.product-type.bundle.ui-testing";
		};
/* End PBXNativeTarget section */

/* Begin PBXProject section */
		0FC8736A2C8FFE3D00D809E9 /* Project object */ = {
			isa = PBXProject;
			attributes = {
				BuildIndependentTargetsInParallel = 1;
				LastSwiftUpdateCheck = 1540;
				LastUpgradeCheck = 1540;
				TargetAttributes = {
					0FC873712C8FFE3D00D809E9 = {
						CreatedOnToolsVersion = 15.4;
					};
					0FC873842C8FFE3E00D809E9 = {
						CreatedOnToolsVersion = 15.4;
						TestTargetID = 0FC873712C8FFE3D00D809E9;
					};
					0FC8738E2C8FFE3F00D809E9 = {
						CreatedOnToolsVersion = 15.4;
						TestTargetID = 0FC873712C8FFE3D00D809E9;
					};
				};
			};
			buildConfigurationList = 0FC8736D2C8FFE3D00D809E9 /* Build configuration list for PBXProject "BeamApp" */;
			compatibilityVersion = "Xcode 14.0";
			developmentRegion = en;
			hasScannedForEncodings = 0;
			knownRegions = (
				en,
				Base,
			);
			mainGroup = 0FC873692C8FFE3D00D809E9;
			packageReferences = (
				0FC48B732CB381F3002AB60E /* XCRemoteSwiftPackageReference "swift-composable-architecture" */,
			);
			productRefGroup = 0FC873732C8FFE3D00D809E9 /* Products */;
			projectDirPath = "";
			projectRoot = "";
			targets = (
				0FC873712C8FFE3D00D809E9 /* BeamApp */,
				0FC873842C8FFE3E00D809E9 /* BeamAppTests */,
				0FC8738E2C8FFE3F00D809E9 /* BeamAppUITests */,
			);
		};
/* End PBXProject section */

/* Begin PBXResourcesBuildPhase section */
		0FC873702C8FFE3D00D809E9 /* Resources */ = {
			isa = PBXResourcesBuildPhase;
			buildActionMask = 2147483647;
			files = (
				0FC873FC2C900D6300D809E9 /* Assets.xcassets in Resources */,
				0FC873802C8FFE3E00D809E9 /* Preview Assets.xcassets in Resources */,
			);
			runOnlyForDeploymentPostprocessing = 0;
		};
		0FC873832C8FFE3E00D809E9 /* Resources */ = {
			isa = PBXResourcesBuildPhase;
			buildActionMask = 2147483647;
			files = (
			);
			runOnlyForDeploymentPostprocessing = 0;
		};
		0FC8738D2C8FFE3F00D809E9 /* Resources */ = {
			isa = PBXResourcesBuildPhase;
			buildActionMask = 2147483647;
			files = (
			);
			runOnlyForDeploymentPostprocessing = 0;
		};
/* End PBXResourcesBuildPhase section */

/* Begin PBXSourcesBuildPhase section */
		0FC8736E2C8FFE3D00D809E9 /* Sources */ = {
			isa = PBXSourcesBuildPhase;
			buildActionMask = 2147483647;
			files = (
				0FB15EF52C9D3824003718C3 /* TokenEntity.swift in Sources */,
				0FB3282F2C929FB700F5675B /* PlayerReducer.swift in Sources */,
				0FB15EF32C9D34E0003718C3 /* HomeFeature.swift in Sources */,
				0FC873FA2C90086700D809E9 /* KeychainManager.swift in Sources */,
				0FB15EFA2C9D3A5B003718C3 /* TokenReducer.swift in Sources */,
				0FB15EE72C9436C8003718C3 /* TabBarView.swift in Sources */,
				0FB3280D2C9031CD00F5675B /* HomeView.swift in Sources */,
				0FB3280B2C9031BF00F5675B /* LoginReducer.swift in Sources */,
				0FB15EF72C9D3848003718C3 /* TokenStorage.swift in Sources */,
				0FB3282D2C929F4000F5675B /* TabBarReducer.swift in Sources */,
				0F44C4CA2CBCA13B00ADF578 /* RecommendPlaylist.swift in Sources */,
				0F5621BE2CB75CF9006E03F9 /* PlaylistItem.swift in Sources */,
				0FB328002C902E8500F5675B /* AppReducer.swift in Sources */,
				0FB655262CBDED66000B803B /* LoginView.swift in Sources */,
				0F2B10242CB90E99005156A6 /* MiniPlayerView.swift in Sources */,
				0FC873EF2C9007B700D809E9 /* PrimaryButton.swift in Sources */,
				0FB15EF12C9CF729003718C3 /* LoginFeature.swift in Sources */,
				0FB3282B2C92843600F5675B /* HomeAction.swift in Sources */,
				0FB328232C918A0D00F5675B /* AudioProcessing.swift in Sources */,
				0F5621C32CB76D23006E03F9 /* LibraryReducer.swift in Sources */,
				0FB15F002C9D6118003718C3 /* ListeningHistoryItem.swift in Sources */,
				0FB328272C927B7D00F5675B /* AuthClient.swift in Sources */,
				0F44C4CD2CBCB27C00ADF578 /* SettingView.swift in Sources */,
				0FB328252C92777800F5675B /* AuthService.swift in Sources */,
				9F1F572A2CA05BF400DA564A /* AudioManager.swift in Sources */,
				0FB328292C927BFB00F5675B /* LoginAction.swift in Sources */,
				0FC873ED2C9007A800D809E9 /* CustomNavigationBar.swift in Sources */,
				0FB15EEB2C9BE8C8003718C3 /* Endpoints.swift in Sources */,
				0FC873F52C90082500D809E9 /* Color+Extensions.swift in Sources */,
				0FB3281A2C903E0300F5675B /* PlayerView.swift in Sources */,
				0FB3280F2C9031D500F5675B /* HomeReducer.swift in Sources */,
				0FB328172C903AAF00F5675B /* BeamApp.swift in Sources */,
				0FC873F72C90083C00D809E9 /* String+Extensions.swift in Sources */,
				0F5621C12CB76D1B006E03F9 /* LibraryView.swift in Sources */,
				0FB328092C9031B300F5675B /* OnboardView.swift in Sources */,
				0FC873F22C9007D000D809E9 /* TextStyles.swift in Sources */,
				0FB328132C90331200F5675B /* RootView.swift in Sources */,
			);
			runOnlyForDeploymentPostprocessing = 0;
		};
		0FC873812C8FFE3E00D809E9 /* Sources */ = {
			isa = PBXSourcesBuildPhase;
			buildActionMask = 2147483647;
			files = (
				0FC8738A2C8FFE3E00D809E9 /* BeamPracTests.swift in Sources */,
			);
			runOnlyForDeploymentPostprocessing = 0;
		};
		0FC8738B2C8FFE3F00D809E9 /* Sources */ = {
			isa = PBXSourcesBuildPhase;
			buildActionMask = 2147483647;
			files = (
				0FC873962C8FFE3F00D809E9 /* BeamPracUITestsLaunchTests.swift in Sources */,
				0FC873942C8FFE3F00D809E9 /* BeamPracUITests.swift in Sources */,
			);
			runOnlyForDeploymentPostprocessing = 0;
		};
/* End PBXSourcesBuildPhase section */

/* Begin PBXTargetDependency section */
		0FC873872C8FFE3E00D809E9 /* PBXTargetDependency */ = {
			isa = PBXTargetDependency;
			target = 0FC873712C8FFE3D00D809E9 /* BeamApp */;
			targetProxy = 0FC873862C8FFE3E00D809E9 /* PBXContainerItemProxy */;
		};
		0FC873912C8FFE3F00D809E9 /* PBXTargetDependency */ = {
			isa = PBXTargetDependency;
			target = 0FC873712C8FFE3D00D809E9 /* BeamApp */;
			targetProxy = 0FC873902C8FFE3F00D809E9 /* PBXContainerItemProxy */;
		};
/* End PBXTargetDependency section */

/* Begin XCBuildConfiguration section */
		0FC873972C8FFE3F00D809E9 /* Debug */ = {
			isa = XCBuildConfiguration;
			buildSettings = {
				ALWAYS_SEARCH_USER_PATHS = NO;
				ASSETCATALOG_COMPILER_GENERATE_SWIFT_ASSET_SYMBOL_EXTENSIONS = YES;
				CLANG_ANALYZER_NONNULL = YES;
				CLANG_ANALYZER_NUMBER_OBJECT_CONVERSION = YES_AGGRESSIVE;
				CLANG_CXX_LANGUAGE_STANDARD = "gnu++20";
				CLANG_ENABLE_MODULES = YES;
				CLANG_ENABLE_OBJC_ARC = YES;
				CLANG_ENABLE_OBJC_WEAK = YES;
				CLANG_WARN_BLOCK_CAPTURE_AUTORELEASING = YES;
				CLANG_WARN_BOOL_CONVERSION = YES;
				CLANG_WARN_COMMA = YES;
				CLANG_WARN_CONSTANT_CONVERSION = YES;
				CLANG_WARN_DEPRECATED_OBJC_IMPLEMENTATIONS = YES;
				CLANG_WARN_DIRECT_OBJC_ISA_USAGE = YES_ERROR;
				CLANG_WARN_DOCUMENTATION_COMMENTS = YES;
				CLANG_WARN_EMPTY_BODY = YES;
				CLANG_WARN_ENUM_CONVERSION = YES;
				CLANG_WARN_INFINITE_RECURSION = YES;
				CLANG_WARN_INT_CONVERSION = YES;
				CLANG_WARN_NON_LITERAL_NULL_CONVERSION = YES;
				CLANG_WARN_OBJC_IMPLICIT_RETAIN_SELF = YES;
				CLANG_WARN_OBJC_LITERAL_CONVERSION = YES;
				CLANG_WARN_OBJC_ROOT_CLASS = YES_ERROR;
				CLANG_WARN_QUOTED_INCLUDE_IN_FRAMEWORK_HEADER = YES;
				CLANG_WARN_RANGE_LOOP_ANALYSIS = YES;
				CLANG_WARN_STRICT_PROTOTYPES = YES;
				CLANG_WARN_SUSPICIOUS_MOVE = YES;
				CLANG_WARN_UNGUARDED_AVAILABILITY = YES_AGGRESSIVE;
				CLANG_WARN_UNREACHABLE_CODE = YES;
				CLANG_WARN__DUPLICATE_METHOD_MATCH = YES;
				COPY_PHASE_STRIP = NO;
				DEBUG_INFORMATION_FORMAT = dwarf;
				ENABLE_STRICT_OBJC_MSGSEND = YES;
				ENABLE_TESTABILITY = YES;
				ENABLE_USER_SCRIPT_SANDBOXING = YES;
				GCC_C_LANGUAGE_STANDARD = gnu17;
				GCC_DYNAMIC_NO_PIC = NO;
				GCC_NO_COMMON_BLOCKS = YES;
				GCC_OPTIMIZATION_LEVEL = 0;
				GCC_PREPROCESSOR_DEFINITIONS = (
					"DEBUG=1",
					"$(inherited)",
				);
				GCC_WARN_64_TO_32_BIT_CONVERSION = YES;
				GCC_WARN_ABOUT_RETURN_TYPE = YES_ERROR;
				GCC_WARN_UNDECLARED_SELECTOR = YES;
				GCC_WARN_UNINITIALIZED_AUTOS = YES_AGGRESSIVE;
				GCC_WARN_UNUSED_FUNCTION = YES;
				GCC_WARN_UNUSED_VARIABLE = YES;
				LOCALIZATION_PREFERS_STRING_CATALOGS = YES;
				MTL_ENABLE_DEBUG_INFO = INCLUDE_SOURCE;
				MTL_FAST_MATH = YES;
				ONLY_ACTIVE_ARCH = YES;
				SWIFT_ACTIVE_COMPILATION_CONDITIONS = "DEBUG $(inherited)";
				SWIFT_OPTIMIZATION_LEVEL = "-Onone";
			};
			name = Debug;
		};
		0FC873982C8FFE3F00D809E9 /* Release */ = {
			isa = XCBuildConfiguration;
			buildSettings = {
				ALWAYS_SEARCH_USER_PATHS = NO;
				ASSETCATALOG_COMPILER_GENERATE_SWIFT_ASSET_SYMBOL_EXTENSIONS = YES;
				CLANG_ANALYZER_NONNULL = YES;
				CLANG_ANALYZER_NUMBER_OBJECT_CONVERSION = YES_AGGRESSIVE;
				CLANG_CXX_LANGUAGE_STANDARD = "gnu++20";
				CLANG_ENABLE_MODULES = YES;
				CLANG_ENABLE_OBJC_ARC = YES;
				CLANG_ENABLE_OBJC_WEAK = YES;
				CLANG_WARN_BLOCK_CAPTURE_AUTORELEASING = YES;
				CLANG_WARN_BOOL_CONVERSION = YES;
				CLANG_WARN_COMMA = YES;
				CLANG_WARN_CONSTANT_CONVERSION = YES;
				CLANG_WARN_DEPRECATED_OBJC_IMPLEMENTATIONS = YES;
				CLANG_WARN_DIRECT_OBJC_ISA_USAGE = YES_ERROR;
				CLANG_WARN_DOCUMENTATION_COMMENTS = YES;
				CLANG_WARN_EMPTY_BODY = YES;
				CLANG_WARN_ENUM_CONVERSION = YES;
				CLANG_WARN_INFINITE_RECURSION = YES;
				CLANG_WARN_INT_CONVERSION = YES;
				CLANG_WARN_NON_LITERAL_NULL_CONVERSION = YES;
				CLANG_WARN_OBJC_IMPLICIT_RETAIN_SELF = YES;
				CLANG_WARN_OBJC_LITERAL_CONVERSION = YES;
				CLANG_WARN_OBJC_ROOT_CLASS = YES_ERROR;
				CLANG_WARN_QUOTED_INCLUDE_IN_FRAMEWORK_HEADER = YES;
				CLANG_WARN_RANGE_LOOP_ANALYSIS = YES;
				CLANG_WARN_STRICT_PROTOTYPES = YES;
				CLANG_WARN_SUSPICIOUS_MOVE = YES;
				CLANG_WARN_UNGUARDED_AVAILABILITY = YES_AGGRESSIVE;
				CLANG_WARN_UNREACHABLE_CODE = YES;
				CLANG_WARN__DUPLICATE_METHOD_MATCH = YES;
				COPY_PHASE_STRIP = NO;
				DEBUG_INFORMATION_FORMAT = "dwarf-with-dsym";
				ENABLE_NS_ASSERTIONS = NO;
				ENABLE_STRICT_OBJC_MSGSEND = YES;
				ENABLE_USER_SCRIPT_SANDBOXING = YES;
				GCC_C_LANGUAGE_STANDARD = gnu17;
				GCC_NO_COMMON_BLOCKS = YES;
				GCC_WARN_64_TO_32_BIT_CONVERSION = YES;
				GCC_WARN_ABOUT_RETURN_TYPE = YES_ERROR;
				GCC_WARN_UNDECLARED_SELECTOR = YES;
				GCC_WARN_UNINITIALIZED_AUTOS = YES_AGGRESSIVE;
				GCC_WARN_UNUSED_FUNCTION = YES;
				GCC_WARN_UNUSED_VARIABLE = YES;
				LOCALIZATION_PREFERS_STRING_CATALOGS = YES;
				MTL_ENABLE_DEBUG_INFO = NO;
				MTL_FAST_MATH = YES;
				SWIFT_COMPILATION_MODE = wholemodule;
			};
			name = Release;
		};
		0FC8739A2C8FFE3F00D809E9 /* Debug */ = {
			isa = XCBuildConfiguration;
			buildSettings = {
				ASSETCATALOG_COMPILER_APPICON_NAME = AppIcon;
				ASSETCATALOG_COMPILER_GLOBAL_ACCENT_COLOR_NAME = AccentColor;
				CODE_SIGN_IDENTITY = "Apple Development";
				CODE_SIGN_STYLE = Automatic;
				CURRENT_PROJECT_VERSION = 1;
				DEVELOPMENT_ASSET_PATHS = "\"BeamApp/Preview Content\"";
				DEVELOPMENT_TEAM = C38MYVHKV8;
				ENABLE_HARDENED_RUNTIME = YES;
				ENABLE_PREVIEWS = YES;
				GENERATE_INFOPLIST_FILE = YES;
				INFOPLIST_FILE = BeamApp/Info.plist;
				INFOPLIST_KEY_LSApplicationCategoryType = "";
				INFOPLIST_KEY_NSAppleMusicUsageDescription = "";
				"INFOPLIST_KEY_UIApplicationSceneManifest_Generation[sdk=iphoneos*]" = YES;
				"INFOPLIST_KEY_UIApplicationSceneManifest_Generation[sdk=iphonesimulator*]" = YES;
				"INFOPLIST_KEY_UIApplicationSupportsIndirectInputEvents[sdk=iphoneos*]" = YES;
				"INFOPLIST_KEY_UIApplicationSupportsIndirectInputEvents[sdk=iphonesimulator*]" = YES;
				"INFOPLIST_KEY_UILaunchScreen_Generation[sdk=iphoneos*]" = YES;
				"INFOPLIST_KEY_UILaunchScreen_Generation[sdk=iphonesimulator*]" = YES;
				"INFOPLIST_KEY_UIStatusBarStyle[sdk=iphoneos*]" = UIStatusBarStyleDefault;
				"INFOPLIST_KEY_UIStatusBarStyle[sdk=iphonesimulator*]" = UIStatusBarStyleDefault;
				INFOPLIST_KEY_UISupportedInterfaceOrientations_iPad = "UIInterfaceOrientationPortrait UIInterfaceOrientationPortraitUpsideDown UIInterfaceOrientationLandscapeLeft UIInterfaceOrientationLandscapeRight";
				INFOPLIST_KEY_UISupportedInterfaceOrientations_iPhone = "UIInterfaceOrientationPortrait UIInterfaceOrientationLandscapeLeft UIInterfaceOrientationLandscapeRight";
				IPHONEOS_DEPLOYMENT_TARGET = 17.5;
				LD_RUNPATH_SEARCH_PATHS = "@executable_path/Frameworks";
				"LD_RUNPATH_SEARCH_PATHS[sdk=macosx*]" = "@executable_path/../Frameworks";
				MACOSX_DEPLOYMENT_TARGET = 14.0;
				MARKETING_VERSION = 1.0;
				PRODUCT_BUNDLE_IDENTIFIER = com.gongjipsaApp.App;
				PRODUCT_NAME = "$(TARGET_NAME)";
				PROVISIONING_PROFILE_SPECIFIER = "";
				SDKROOT = auto;
				SUPPORTED_PLATFORMS = "iphoneos iphonesimulator macosx";
				SWIFT_EMIT_LOC_STRINGS = YES;
				SWIFT_VERSION = 5.0;
				TARGETED_DEVICE_FAMILY = "1,2";
			};
			name = Debug;
		};
		0FC8739B2C8FFE3F00D809E9 /* Release */ = {
			isa = XCBuildConfiguration;
			buildSettings = {
				ASSETCATALOG_COMPILER_APPICON_NAME = AppIcon;
				ASSETCATALOG_COMPILER_GLOBAL_ACCENT_COLOR_NAME = AccentColor;
				CODE_SIGN_IDENTITY = "Apple Development";
				CODE_SIGN_STYLE = Automatic;
				CURRENT_PROJECT_VERSION = 1;
				DEVELOPMENT_ASSET_PATHS = "\"BeamApp/Preview Content\"";
				DEVELOPMENT_TEAM = C38MYVHKV8;
				ENABLE_HARDENED_RUNTIME = YES;
				ENABLE_PREVIEWS = YES;
				GENERATE_INFOPLIST_FILE = YES;
				INFOPLIST_FILE = BeamApp/Info.plist;
				INFOPLIST_KEY_LSApplicationCategoryType = "";
				INFOPLIST_KEY_NSAppleMusicUsageDescription = "";
				"INFOPLIST_KEY_UIApplicationSceneManifest_Generation[sdk=iphoneos*]" = YES;
				"INFOPLIST_KEY_UIApplicationSceneManifest_Generation[sdk=iphonesimulator*]" = YES;
				"INFOPLIST_KEY_UIApplicationSupportsIndirectInputEvents[sdk=iphoneos*]" = YES;
				"INFOPLIST_KEY_UIApplicationSupportsIndirectInputEvents[sdk=iphonesimulator*]" = YES;
				"INFOPLIST_KEY_UILaunchScreen_Generation[sdk=iphoneos*]" = YES;
				"INFOPLIST_KEY_UILaunchScreen_Generation[sdk=iphonesimulator*]" = YES;
				"INFOPLIST_KEY_UIStatusBarStyle[sdk=iphoneos*]" = UIStatusBarStyleDefault;
				"INFOPLIST_KEY_UIStatusBarStyle[sdk=iphonesimulator*]" = UIStatusBarStyleDefault;
				INFOPLIST_KEY_UISupportedInterfaceOrientations_iPad = "UIInterfaceOrientationPortrait UIInterfaceOrientationPortraitUpsideDown UIInterfaceOrientationLandscapeLeft UIInterfaceOrientationLandscapeRight";
				INFOPLIST_KEY_UISupportedInterfaceOrientations_iPhone = "UIInterfaceOrientationPortrait UIInterfaceOrientationLandscapeLeft UIInterfaceOrientationLandscapeRight";
				IPHONEOS_DEPLOYMENT_TARGET = 17.5;
				LD_RUNPATH_SEARCH_PATHS = "@executable_path/Frameworks";
				"LD_RUNPATH_SEARCH_PATHS[sdk=macosx*]" = "@executable_path/../Frameworks";
				MACOSX_DEPLOYMENT_TARGET = 14.0;
				MARKETING_VERSION = 1.0;
				PRODUCT_BUNDLE_IDENTIFIER = com.gongjipsaApp.App;
				PRODUCT_NAME = "$(TARGET_NAME)";
				PROVISIONING_PROFILE_SPECIFIER = "";
				SDKROOT = auto;
				SUPPORTED_PLATFORMS = "iphoneos iphonesimulator macosx";
				SWIFT_EMIT_LOC_STRINGS = YES;
				SWIFT_VERSION = 5.0;
				TARGETED_DEVICE_FAMILY = "1,2";
			};
			name = Release;
		};
		0FC8739D2C8FFE3F00D809E9 /* Debug */ = {
			isa = XCBuildConfiguration;
			buildSettings = {
				ALWAYS_EMBED_SWIFT_STANDARD_LIBRARIES = YES;
				BUNDLE_LOADER = "$(TEST_HOST)";
				CODE_SIGN_STYLE = Automatic;
				CURRENT_PROJECT_VERSION = 1;
				DEVELOPMENT_TEAM = P72UR4K32D;
				GENERATE_INFOPLIST_FILE = YES;
				IPHONEOS_DEPLOYMENT_TARGET = 17.5;
				MACOSX_DEPLOYMENT_TARGET = 14.5;
				MARKETING_VERSION = 1.0;
				PRODUCT_BUNDLE_IDENTIFIER = com.beam.abc.BeamPracTests;
				PRODUCT_NAME = "$(TARGET_NAME)";
				SDKROOT = auto;
				SUPPORTED_PLATFORMS = "iphoneos iphonesimulator macosx";
				SWIFT_EMIT_LOC_STRINGS = NO;
				SWIFT_VERSION = 5.0;
				TARGETED_DEVICE_FAMILY = "1,2";
				TEST_HOST = "$(BUILT_PRODUCTS_DIR)/BeamApp.app/$(BUNDLE_EXECUTABLE_FOLDER_PATH)/BeamApp";
			};
			name = Debug;
		};
		0FC8739E2C8FFE3F00D809E9 /* Release */ = {
			isa = XCBuildConfiguration;
			buildSettings = {
				ALWAYS_EMBED_SWIFT_STANDARD_LIBRARIES = YES;
				BUNDLE_LOADER = "$(TEST_HOST)";
				CODE_SIGN_STYLE = Automatic;
				CURRENT_PROJECT_VERSION = 1;
				DEVELOPMENT_TEAM = P72UR4K32D;
				GENERATE_INFOPLIST_FILE = YES;
				IPHONEOS_DEPLOYMENT_TARGET = 17.5;
				MACOSX_DEPLOYMENT_TARGET = 14.5;
				MARKETING_VERSION = 1.0;
				PRODUCT_BUNDLE_IDENTIFIER = com.beam.abc.BeamPracTests;
				PRODUCT_NAME = "$(TARGET_NAME)";
				SDKROOT = auto;
				SUPPORTED_PLATFORMS = "iphoneos iphonesimulator macosx";
				SWIFT_EMIT_LOC_STRINGS = NO;
				SWIFT_VERSION = 5.0;
				TARGETED_DEVICE_FAMILY = "1,2";
				TEST_HOST = "$(BUILT_PRODUCTS_DIR)/BeamApp.app/$(BUNDLE_EXECUTABLE_FOLDER_PATH)/BeamApp";
			};
			name = Release;
		};
		0FC873A02C8FFE3F00D809E9 /* Debug */ = {
			isa = XCBuildConfiguration;
			buildSettings = {
				ALWAYS_EMBED_SWIFT_STANDARD_LIBRARIES = YES;
				CODE_SIGN_STYLE = Automatic;
				CURRENT_PROJECT_VERSION = 1;
				DEVELOPMENT_TEAM = P72UR4K32D;
				GENERATE_INFOPLIST_FILE = YES;
				IPHONEOS_DEPLOYMENT_TARGET = 17.5;
				MACOSX_DEPLOYMENT_TARGET = 14.5;
				MARKETING_VERSION = 1.0;
				PRODUCT_BUNDLE_IDENTIFIER = com.beam.abc.BeamPracUITests;
				PRODUCT_NAME = "$(TARGET_NAME)";
				SDKROOT = auto;
				SUPPORTED_PLATFORMS = "iphoneos iphonesimulator macosx";
				SWIFT_EMIT_LOC_STRINGS = NO;
				SWIFT_VERSION = 5.0;
				TARGETED_DEVICE_FAMILY = "1,2";
				TEST_TARGET_NAME = BeamPrac;
			};
			name = Debug;
		};
		0FC873A12C8FFE3F00D809E9 /* Release */ = {
			isa = XCBuildConfiguration;
			buildSettings = {
				ALWAYS_EMBED_SWIFT_STANDARD_LIBRARIES = YES;
				CODE_SIGN_STYLE = Automatic;
				CURRENT_PROJECT_VERSION = 1;
				DEVELOPMENT_TEAM = P72UR4K32D;
				GENERATE_INFOPLIST_FILE = YES;
				IPHONEOS_DEPLOYMENT_TARGET = 17.5;
				MACOSX_DEPLOYMENT_TARGET = 14.5;
				MARKETING_VERSION = 1.0;
				PRODUCT_BUNDLE_IDENTIFIER = com.beam.abc.BeamPracUITests;
				PRODUCT_NAME = "$(TARGET_NAME)";
				SDKROOT = auto;
				SUPPORTED_PLATFORMS = "iphoneos iphonesimulator macosx";
				SWIFT_EMIT_LOC_STRINGS = NO;
				SWIFT_VERSION = 5.0;
				TARGETED_DEVICE_FAMILY = "1,2";
				TEST_TARGET_NAME = BeamPrac;
			};
			name = Release;
		};
/* End XCBuildConfiguration section */

/* Begin XCConfigurationList section */
		0FC8736D2C8FFE3D00D809E9 /* Build configuration list for PBXProject "BeamApp" */ = {
			isa = XCConfigurationList;
			buildConfigurations = (
				0FC873972C8FFE3F00D809E9 /* Debug */,
				0FC873982C8FFE3F00D809E9 /* Release */,
			);
			defaultConfigurationIsVisible = 0;
			defaultConfigurationName = Release;
		};
		0FC873992C8FFE3F00D809E9 /* Build configuration list for PBXNativeTarget "BeamApp" */ = {
			isa = XCConfigurationList;
			buildConfigurations = (
				0FC8739A2C8FFE3F00D809E9 /* Debug */,
				0FC8739B2C8FFE3F00D809E9 /* Release */,
			);
			defaultConfigurationIsVisible = 0;
			defaultConfigurationName = Release;
		};
		0FC8739C2C8FFE3F00D809E9 /* Build configuration list for PBXNativeTarget "BeamAppTests" */ = {
			isa = XCConfigurationList;
			buildConfigurations = (
				0FC8739D2C8FFE3F00D809E9 /* Debug */,
				0FC8739E2C8FFE3F00D809E9 /* Release */,
			);
			defaultConfigurationIsVisible = 0;
			defaultConfigurationName = Release;
		};
		0FC8739F2C8FFE3F00D809E9 /* Build configuration list for PBXNativeTarget "BeamAppUITests" */ = {
			isa = XCConfigurationList;
			buildConfigurations = (
				0FC873A02C8FFE3F00D809E9 /* Debug */,
				0FC873A12C8FFE3F00D809E9 /* Release */,
			);
			defaultConfigurationIsVisible = 0;
			defaultConfigurationName = Release;
		};
/* End XCConfigurationList section */

/* Begin XCRemoteSwiftPackageReference section */
		0FC48B732CB381F3002AB60E /* XCRemoteSwiftPackageReference "swift-composable-architecture" */ = {
			isa = XCRemoteSwiftPackageReference;
			repositoryURL = "https://github.com/pointfreeco/swift-composable-architecture.git";
			requirement = {
				kind = upToNextMajorVersion;
				minimumVersion = 1.15.0;
			};
		};
/* End XCRemoteSwiftPackageReference section */

/* Begin XCSwiftPackageProductDependency section */
		0FC48B742CB381F3002AB60E /* ComposableArchitecture */ = {
			isa = XCSwiftPackageProductDependency;
			package = 0FC48B732CB381F3002AB60E /* XCRemoteSwiftPackageReference "swift-composable-architecture" */;
			productName = ComposableArchitecture;
		};
/* End XCSwiftPackageProductDependency section */
	};
	rootObject = 0FC8736A2C8FFE3D00D809E9 /* Project object */;
}
